
Microsoft Visual Studio Solution File, Format Version 12.00
# Visual Studio Version 17
VisualStudioVersion = 17.9.34701.34
MinimumVisualStudioVersion = 10.0.40219.1
Project("{2150E333-8FDC-42A3-9474-1A3956D46DE8}") = "Ejercicios", "Ejercicios", "{1DAA014F-4BE4-47A7-B8B6-4AF2628C7BD6}"
EndProject
Project("{2150E333-8FDC-42A3-9474-1A3956D46DE8}") = "Clase1 12.3", "Clase1 12.3", "{1186A326-1DD9-4A1A-9DBB-51E52500A767}"
EndProject
Project("{2150E333-8FDC-42A3-9474-1A3956D46DE8}") = "Clase2 19.3", "Clase2 19.3", "{24AA60AC-F4F6-41DE-8999-855064480E82}"
EndProject
Project("{2150E333-8FDC-42A3-9474-1A3956D46DE8}") = "Clase3 26.3", "Clase3 26.3", "{099D3B9D-4BEF-4369-9DB3-12F8DB2D410A}"
EndProject
Project("{9A19103F-16F7-4668-BE54-9A1E7A4F7556}") = "CuentasBancarias", "..\CuentasBancarias\CuentasBancarias.csproj", "{71703AFB-8611-4D5B-AD1A-01201656FF38}"
EndProject
Project("{9A19103F-16F7-4668-BE54-9A1E7A4F7556}") = "xUnitTestCtasBancaris", "..\xUnitTestCtasBancaris\xUnitTestCtasBancaris.csproj", "{5925FF3C-D748-4AEF-8319-3E098957F761}"
EndProject
Project("{2150E333-8FDC-42A3-9474-1A3956D46DE8}") = "CtasBancarias", "CtasBancarias", "{D104F645-AA56-422F-A49E-83FD054ABDB6}"
EndProject
Project("{2150E333-8FDC-42A3-9474-1A3956D46DE8}") = "CtasBancariasConsola", "CtasBancariasConsola", "{F6FE7053-6428-43C9-8D0C-CD252D1C48A2}"
EndProject
Project("{9A19103F-16F7-4668-BE54-9A1E7A4F7556}") = "CuentasBancariasConsolaApp", "..\CuentasBancariasConsolaApp\CuentasBancariasConsolaApp.csproj", "{DA81EE51-5603-4DC2-8812-52BA88AF4F25}"
EndProject
Project("{2150E333-8FDC-42A3-9474-1A3956D46DE8}") = "Clase5", "Clase5", "{35319765-7CB6-4C17-A3E3-A3E92DE487AA}"
EndProject
Project("{9A19103F-16F7-4668-BE54-9A1E7A4F7556}") = "Crear100PersonasApp", "..\Crear100PersonasApp\Crear100PersonasApp.csproj", "{747055FA-93BD-4CC8-AB24-0599413ACDD5}"
EndProject
Project("{9A19103F-16F7-4668-BE54-9A1E7A4F7556}") = "xUnitCrearPersonas", "..\xUnitCrearPersonas\xUnitCrearPersonas.csproj", "{D1BD7DFE-DDAF-434F-96C6-8F75EFFEAA62}"
EndProject
Project("{9A19103F-16F7-4668-BE54-9A1E7A4F7556}") = "MiCumpleanios", "MiCumpleanios\MiCumpleanios.csproj", "{7168A323-A21B-4BC5-A986-335061A39498}"
EndProject
Project("{9A19103F-16F7-4668-BE54-9A1E7A4F7556}") = "xUnitCumpleanios", "xUnitCumpleanios\xUnitCumpleanios.csproj", "{CF828EED-EE7A-45F4-A471-7330FDE068F8}"
EndProject
Project("{2150E333-8FDC-42A3-9474-1A3956D46DE8}") = "Clase4", "Clase4", "{1A20D82B-9D93-4865-84AF-6A1FA8B045A6}"
EndProject
Project("{FAE04EC0-301F-11D3-BF4B-00C04F79EFBC}") = "xUnitListaElementos", "xUnitListaElementos\xUnitListaElementos.csproj", "{71FC5C36-8848-4563-B63F-8683E0E3E918}"
EndProject
Project("{FAE04EC0-301F-11D3-BF4B-00C04F79EFBC}") = "listaElementos", "listaElementos\listaElementos.csproj", "{B67F4746-996F-4B3F-8898-4C4175FAFFCF}"
EndProject
Global
	GlobalSection(SolutionConfigurationPlatforms) = preSolution
		Debug|Any CPU = Debug|Any CPU
		Release|Any CPU = Release|Any CPU
	EndGlobalSection
	GlobalSection(ProjectConfigurationPlatforms) = postSolution
		{71703AFB-8611-4D5B-AD1A-01201656FF38}.Debug|Any CPU.ActiveCfg = Debug|Any CPU
		{71703AFB-8611-4D5B-AD1A-01201656FF38}.Debug|Any CPU.Build.0 = Debug|Any CPU
		{71703AFB-8611-4D5B-AD1A-01201656FF38}.Release|Any CPU.ActiveCfg = Release|Any CPU
		{71703AFB-8611-4D5B-AD1A-01201656FF38}.Release|Any CPU.Build.0 = Release|Any CPU
		{5925FF3C-D748-4AEF-8319-3E098957F761}.Debug|Any CPU.ActiveCfg = Debug|Any CPU
		{5925FF3C-D748-4AEF-8319-3E098957F761}.Debug|Any CPU.Build.0 = Debug|Any CPU
		{5925FF3C-D748-4AEF-8319-3E098957F761}.Release|Any CPU.ActiveCfg = Release|Any CPU
		{5925FF3C-D748-4AEF-8319-3E098957F761}.Release|Any CPU.Build.0 = Release|Any CPU
		{DA81EE51-5603-4DC2-8812-52BA88AF4F25}.Debug|Any CPU.ActiveCfg = Debug|Any CPU
		{DA81EE51-5603-4DC2-8812-52BA88AF4F25}.Debug|Any CPU.Build.0 = Debug|Any CPU
		{DA81EE51-5603-4DC2-8812-52BA88AF4F25}.Release|Any CPU.ActiveCfg = Release|Any CPU
		{DA81EE51-5603-4DC2-8812-52BA88AF4F25}.Release|Any CPU.Build.0 = Release|Any CPU
		{747055FA-93BD-4CC8-AB24-0599413ACDD5}.Debug|Any CPU.ActiveCfg = Debug|Any CPU
		{747055FA-93BD-4CC8-AB24-0599413ACDD5}.Debug|Any CPU.Build.0 = Debug|Any CPU
		{747055FA-93BD-4CC8-AB24-0599413ACDD5}.Release|Any CPU.ActiveCfg = Release|Any CPU
		{747055FA-93BD-4CC8-AB24-0599413ACDD5}.Release|Any CPU.Build.0 = Release|Any CPU
		{D1BD7DFE-DDAF-434F-96C6-8F75EFFEAA62}.Debug|Any CPU.ActiveCfg = Debug|Any CPU
		{D1BD7DFE-DDAF-434F-96C6-8F75EFFEAA62}.Debug|Any CPU.Build.0 = Debug|Any CPU
		{D1BD7DFE-DDAF-434F-96C6-8F75EFFEAA62}.Release|Any CPU.ActiveCfg = Release|Any CPU
		{D1BD7DFE-DDAF-434F-96C6-8F75EFFEAA62}.Release|Any CPU.Build.0 = Release|Any CPU
		{7168A323-A21B-4BC5-A986-335061A39498}.Debug|Any CPU.ActiveCfg = Debug|Any CPU
		{7168A323-A21B-4BC5-A986-335061A39498}.Debug|Any CPU.Build.0 = Debug|Any CPU
		{7168A323-A21B-4BC5-A986-335061A39498}.Release|Any CPU.ActiveCfg = Release|Any CPU
		{7168A323-A21B-4BC5-A986-335061A39498}.Release|Any CPU.Build.0 = Release|Any CPU
		{CF828EED-EE7A-45F4-A471-7330FDE068F8}.Debug|Any CPU.ActiveCfg = Debug|Any CPU
		{CF828EED-EE7A-45F4-A471-7330FDE068F8}.Debug|Any CPU.Build.0 = Debug|Any CPU
		{CF828EED-EE7A-45F4-A471-7330FDE068F8}.Release|Any CPU.ActiveCfg = Release|Any CPU
		{CF828EED-EE7A-45F4-A471-7330FDE068F8}.Release|Any CPU.Build.0 = Release|Any CPU
		{71FC5C36-8848-4563-B63F-8683E0E3E918}.Debug|Any CPU.ActiveCfg = Debug|Any CPU
		{71FC5C36-8848-4563-B63F-8683E0E3E918}.Debug|Any CPU.Build.0 = Debug|Any CPU
		{71FC5C36-8848-4563-B63F-8683E0E3E918}.Release|Any CPU.ActiveCfg = Release|Any CPU
		{71FC5C36-8848-4563-B63F-8683E0E3E918}.Release|Any CPU.Build.0 = Release|Any CPU
		{B67F4746-996F-4B3F-8898-4C4175FAFFCF}.Debug|Any CPU.ActiveCfg = Debug|Any CPU
		{B67F4746-996F-4B3F-8898-4C4175FAFFCF}.Debug|Any CPU.Build.0 = Debug|Any CPU
		{B67F4746-996F-4B3F-8898-4C4175FAFFCF}.Release|Any CPU.ActiveCfg = Release|Any CPU
		{B67F4746-996F-4B3F-8898-4C4175FAFFCF}.Release|Any CPU.Build.0 = Release|Any CPU
	EndGlobalSection
	GlobalSection(SolutionProperties) = preSolution
		HideSolutionNode = FALSE
	EndGlobalSection
	GlobalSection(NestedProjects) = preSolution
		{71703AFB-8611-4D5B-AD1A-01201656FF38} = {D104F645-AA56-422F-A49E-83FD054ABDB6}
		{5925FF3C-D748-4AEF-8319-3E098957F761} = {D104F645-AA56-422F-A49E-83FD054ABDB6}
		{D104F645-AA56-422F-A49E-83FD054ABDB6} = {1DAA014F-4BE4-47A7-B8B6-4AF2628C7BD6}
		{F6FE7053-6428-43C9-8D0C-CD252D1C48A2} = {1DAA014F-4BE4-47A7-B8B6-4AF2628C7BD6}
		{DA81EE51-5603-4DC2-8812-52BA88AF4F25} = {F6FE7053-6428-43C9-8D0C-CD252D1C48A2}
		{747055FA-93BD-4CC8-AB24-0599413ACDD5} = {1186A326-1DD9-4A1A-9DBB-51E52500A767}
		{D1BD7DFE-DDAF-434F-96C6-8F75EFFEAA62} = {1186A326-1DD9-4A1A-9DBB-51E52500A767}
		{7168A323-A21B-4BC5-A986-335061A39498} = {099D3B9D-4BEF-4369-9DB3-12F8DB2D410A}
		{CF828EED-EE7A-45F4-A471-7330FDE068F8} = {099D3B9D-4BEF-4369-9DB3-12F8DB2D410A}
		{71FC5C36-8848-4563-B63F-8683E0E3E918} = {1A20D82B-9D93-4865-84AF-6A1FA8B045A6}
		{B67F4746-996F-4B3F-8898-4C4175FAFFCF} = {1A20D82B-9D93-4865-84AF-6A1FA8B045A6}
	EndGlobalSection
	GlobalSection(ExtensibilityGlobals) = postSolution
		SolutionGuid = {C068FC32-9A85-438E-8767-59E1320BC8D0}
	EndGlobalSection
EndGlobal
